// !$*UTF8*$!
{
	archiveVersion = 1;
	classes = {
	};
	objectVersion = 46;
	objects = {

/* Begin PBXBuildFile section */
		2D4310A7290BE11596CC8C88 /* libPods.a in Frameworks */ = {isa = PBXBuildFile; fileRef = D4D3E88378C80C0144E1CE75 /* libPods.a */; };
		584785771AB13BC5004195EF /* main.m in Sources */ = {isa = PBXBuildFile; fileRef = 584785761AB13BC5004195EF /* main.m */; };
		5847857A1AB13BC5004195EF /* AppDelegate.m in Sources */ = {isa = PBXBuildFile; fileRef = 584785791AB13BC5004195EF /* AppDelegate.m */; };
		5847857D1AB13BC5004195EF /* ViewController.m in Sources */ = {isa = PBXBuildFile; fileRef = 5847857C1AB13BC5004195EF /* ViewController.m */; };
		584785801AB13BC5004195EF /* Main.storyboard in Resources */ = {isa = PBXBuildFile; fileRef = 5847857E1AB13BC5004195EF /* Main.storyboard */; };
		584785821AB13BC5004195EF /* Images.xcassets in Resources */ = {isa = PBXBuildFile; fileRef = 584785811AB13BC5004195EF /* Images.xcassets */; };
		584785851AB13BC5004195EF /* LaunchScreen.xib in Resources */ = {isa = PBXBuildFile; fileRef = 584785831AB13BC5004195EF /* LaunchScreen.xib */; };
		584785911AB13BC5004195EF /* ObjectionDemoTests.m in Sources */ = {isa = PBXBuildFile; fileRef = 584785901AB13BC5004195EF /* ObjectionDemoTests.m */; };
		58F5F47A1AB1C7B8005EB65E /* TableViewController.m in Sources */ = {isa = PBXBuildFile; fileRef = 58F5F4791AB1C7B8005EB65E /* TableViewController.m */; };
		58F5F47D1AB1C8AE005EB65E /* A1ViewController.m in Sources */ = {isa = PBXBuildFile; fileRef = 58F5F47C1AB1C8AE005EB65E /* A1ViewController.m */; };
		58F5F4801AB1C8B6005EB65E /* A2ViewController.m in Sources */ = {isa = PBXBuildFile; fileRef = 58F5F47F1AB1C8B6005EB65E /* A2ViewController.m */; };
		58F5F4871AB1C9D8005EB65E /* A1ViewControllerModule.m in Sources */ = {isa = PBXBuildFile; fileRef = 58F5F4861AB1C9D8005EB65E /* A1ViewControllerModule.m */; };
		58F5F4891AB1CFDB005EB65E /* Default-568h@2x.png in Resources */ = {isa = PBXBuildFile; fileRef = 58F5F4881AB1CFDB005EB65E /* Default-568h@2x.png */; };
		58F5F48C1AB1D24C005EB65E /* A2ViewControllerModule.m in Sources */ = {isa = PBXBuildFile; fileRef = 58F5F48B1AB1D24C005EB65E /* A2ViewControllerModule.m */; };
/* End PBXBuildFile section */

/* Begin PBXContainerItemProxy section */
		5847858B1AB13BC5004195EF /* PBXContainerItemProxy */ = {
			isa = PBXContainerItemProxy;
			containerPortal = 584785691AB13BC5004195EF /* Project object */;
			proxyType = 1;
			remoteGlobalIDString = 584785701AB13BC5004195EF;
			remoteInfo = ObjectionDemo;
		};
/* End PBXContainerItemProxy section */

/* Begin PBXFileReference section */
		5640482AA57048A8DAE101C7 /* Pods.release.xcconfig */ = {isa = PBXFileReference; includeInIndex = 1; lastKnownFileType = text.xcconfig; name = Pods.release.xcconfig; path = "Pods/Target Support Files/Pods/Pods.release.xcconfig"; sourceTree = "<group>"; };
		584785711AB13BC5004195EF /* ObjectionDemo.app */ = {isa = PBXFileReference; explicitFileType = wrapper.application; includeInIndex = 0; path = ObjectionDemo.app; sourceTree = BUILT_PRODUCTS_DIR; };
		584785751AB13BC5004195EF /* Info.plist */ = {isa = PBXFileReference; lastKnownFileType = text.plist.xml; path = Info.plist; sourceTree = "<group>"; };
		584785761AB13BC5004195EF /* main.m */ = {isa = PBXFileReference; lastKnownFileType = sourcecode.c.objc; path = main.m; sourceTree = "<group>"; };
		584785781AB13BC5004195EF /* AppDelegate.h */ = {isa = PBXFileReference; lastKnownFileType = sourcecode.c.h; path = AppDelegate.h; sourceTree = "<group>"; };
		584785791AB13BC5004195EF /* AppDelegate.m */ = {isa = PBXFileReference; lastKnownFileType = sourcecode.c.objc; path = AppDelegate.m; sourceTree = "<group>"; };
		5847857B1AB13BC5004195EF /* ViewController.h */ = {isa = PBXFileReference; lastKnownFileType = sourcecode.c.h; path = ViewController.h; sourceTree = "<group>"; };
		5847857C1AB13BC5004195EF /* ViewController.m */ = {isa = PBXFileReference; lastKnownFileType = sourcecode.c.objc; path = ViewController.m; sourceTree = "<group>"; };
		5847857F1AB13BC5004195EF /* Base */ = {isa = PBXFileReference; lastKnownFileType = file.storyboard; name = Base; path = Base.lproj/Main.storyboard; sourceTree = "<group>"; };
		584785811AB13BC5004195EF /* Images.xcassets */ = {isa = PBXFileReference; lastKnownFileType = folder.assetcatalog; path = Images.xcassets; sourceTree = "<group>"; };
		584785841AB13BC5004195EF /* Base */ = {isa = PBXFileReference; lastKnownFileType = file.xib; name = Base; path = Base.lproj/LaunchScreen.xib; sourceTree = "<group>"; };
		5847858A1AB13BC5004195EF /* ObjectionDemoTests.xctest */ = {isa = PBXFileReference; explicitFileType = wrapper.cfbundle; includeInIndex = 0; path = ObjectionDemoTests.xctest; sourceTree = BUILT_PRODUCTS_DIR; };
		5847858F1AB13BC5004195EF /* Info.plist */ = {isa = PBXFileReference; lastKnownFileType = text.plist.xml; path = Info.plist; sourceTree = "<group>"; };
		584785901AB13BC5004195EF /* ObjectionDemoTests.m */ = {isa = PBXFileReference; lastKnownFileType = sourcecode.c.objc; path = ObjectionDemoTests.m; sourceTree = "<group>"; };
		58F5F4781AB1C7B8005EB65E /* TableViewController.h */ = {isa = PBXFileReference; fileEncoding = 4; lastKnownFileType = sourcecode.c.h; path = TableViewController.h; sourceTree = "<group>"; };
		58F5F4791AB1C7B8005EB65E /* TableViewController.m */ = {isa = PBXFileReference; fileEncoding = 4; lastKnownFileType = sourcecode.c.objc; path = TableViewController.m; sourceTree = "<group>"; };
		58F5F47B1AB1C8AE005EB65E /* A1ViewController.h */ = {isa = PBXFileReference; fileEncoding = 4; lastKnownFileType = sourcecode.c.h; path = A1ViewController.h; sourceTree = "<group>"; };
		58F5F47C1AB1C8AE005EB65E /* A1ViewController.m */ = {isa = PBXFileReference; fileEncoding = 4; lastKnownFileType = sourcecode.c.objc; path = A1ViewController.m; sourceTree = "<group>"; };
		58F5F47E1AB1C8B6005EB65E /* A2ViewController.h */ = {isa = PBXFileReference; fileEncoding = 4; lastKnownFileType = sourcecode.c.h; path = A2ViewController.h; sourceTree = "<group>"; };
		58F5F47F1AB1C8B6005EB65E /* A2ViewController.m */ = {isa = PBXFileReference; fileEncoding = 4; lastKnownFileType = sourcecode.c.objc; path = A2ViewController.m; sourceTree = "<group>"; };
		58F5F4841AB1C978005EB65E /* Protocols.h */ = {isa = PBXFileReference; fileEncoding = 4; lastKnownFileType = sourcecode.c.h; path = Protocols.h; sourceTree = "<group>"; };
		58F5F4851AB1C9D8005EB65E /* A1ViewControllerModule.h */ = {isa = PBXFileReference; fileEncoding = 4; lastKnownFileType = sourcecode.c.h; path = A1ViewControllerModule.h; sourceTree = "<group>"; };
		58F5F4861AB1C9D8005EB65E /* A1ViewControllerModule.m */ = {isa = PBXFileReference; fileEncoding = 4; lastKnownFileType = sourcecode.c.objc; path = A1ViewControllerModule.m; sourceTree = "<group>"; };
		58F5F4881AB1CFDB005EB65E /* Default-568h@2x.png */ = {isa = PBXFileReference; lastKnownFileType = image.png; path = "Default-568h@2x.png"; sourceTree = "<group>"; };
		58F5F48A1AB1D24C005EB65E /* A2ViewControllerModule.h */ = {isa = PBXFileReference; fileEncoding = 4; lastKnownFileType = sourcecode.c.h; path = A2ViewControllerModule.h; sourceTree = "<group>"; };
		58F5F48B1AB1D24C005EB65E /* A2ViewControllerModule.m */ = {isa = PBXFileReference; fileEncoding = 4; lastKnownFileType = sourcecode.c.objc; path = A2ViewControllerModule.m; sourceTree = "<group>"; };
		58FCDBB81AB2C542003182B0 /* AIMacro.h */ = {isa = PBXFileReference; fileEncoding = 4; lastKnownFileType = sourcecode.c.h; path = AIMacro.h; sourceTree = "<group>"; };
		D4D3E88378C80C0144E1CE75 /* libPods.a */ = {isa = PBXFileReference; explicitFileType = archive.ar; includeInIndex = 0; path = libPods.a; sourceTree = BUILT_PRODUCTS_DIR; };
		EABA9E79224A8AB9C9F252E2 /* Pods.debug.xcconfig */ = {isa = PBXFileReference; includeInIndex = 1; lastKnownFileType = text.xcconfig; name = Pods.debug.xcconfig; path = "Pods/Target Support Files/Pods/Pods.debug.xcconfig"; sourceTree = "<group>"; };
/* End PBXFileReference section */

/* Begin PBXFrameworksBuildPhase section */
		5847856E1AB13BC5004195EF /* Frameworks */ = {
			isa = PBXFrameworksBuildPhase;
			buildActionMask = 2147483647;
			files = (
				2D4310A7290BE11596CC8C88 /* libPods.a in Frameworks */,
			);
			runOnlyForDeploymentPostprocessing = 0;
		};
		584785871AB13BC5004195EF /* Frameworks */ = {
			isa = PBXFrameworksBuildPhase;
			buildActionMask = 2147483647;
			files = (
			);
			runOnlyForDeploymentPostprocessing = 0;
		};
/* End PBXFrameworksBuildPhase section */

/* Begin PBXGroup section */
		4ADC4FE7D3B0CB85149D0FEE /* Frameworks */ = {
			isa = PBXGroup;
			children = (
				D4D3E88378C80C0144E1CE75 /* libPods.a */,
			);
			name = Frameworks;
			sourceTree = "<group>";
		};
		584785681AB13BC5004195EF = {
			isa = PBXGroup;
			children = (
				58F5F4881AB1CFDB005EB65E /* Default-568h@2x.png */,
				584785731AB13BC5004195EF /* ObjectionDemo */,
				5847858D1AB13BC5004195EF /* ObjectionDemoTests */,
				584785721AB13BC5004195EF /* Products */,
				EF45B01811693E459E8CE2BE /* Pods */,
				4ADC4FE7D3B0CB85149D0FEE /* Frameworks */,
			);
			sourceTree = "<group>";
		};
		584785721AB13BC5004195EF /* Products */ = {
			isa = PBXGroup;
			children = (
				584785711AB13BC5004195EF /* ObjectionDemo.app */,
				5847858A1AB13BC5004195EF /* ObjectionDemoTests.xctest */,
			);
			name = Products;
			sourceTree = "<group>";
		};
		584785731AB13BC5004195EF /* ObjectionDemo */ = {
			isa = PBXGroup;
			children = (
				584785781AB13BC5004195EF /* AppDelegate.h */,
				584785791AB13BC5004195EF /* AppDelegate.m */,
				5847857B1AB13BC5004195EF /* ViewController.h */,
				5847857C1AB13BC5004195EF /* ViewController.m */,
				58F5F4841AB1C978005EB65E /* Protocols.h */,
				58FCDBB81AB2C542003182B0 /* AIMacro.h */,
				58F5F4781AB1C7B8005EB65E /* TableViewController.h */,
				58F5F4791AB1C7B8005EB65E /* TableViewController.m */,
				58F5F47B1AB1C8AE005EB65E /* A1ViewController.h */,
				58F5F47C1AB1C8AE005EB65E /* A1ViewController.m */,
				58F5F4851AB1C9D8005EB65E /* A1ViewControllerModule.h */,
				58F5F4861AB1C9D8005EB65E /* A1ViewControllerModule.m */,
				58F5F47E1AB1C8B6005EB65E /* A2ViewController.h */,
				58F5F47F1AB1C8B6005EB65E /* A2ViewController.m */,
				58F5F48A1AB1D24C005EB65E /* A2ViewControllerModule.h */,
				58F5F48B1AB1D24C005EB65E /* A2ViewControllerModule.m */,
				5847857E1AB13BC5004195EF /* Main.storyboard */,
				584785811AB13BC5004195EF /* Images.xcassets */,
				584785831AB13BC5004195EF /* LaunchScreen.xib */,
				584785741AB13BC5004195EF /* Supporting Files */,
			);
			path = ObjectionDemo;
			sourceTree = "<group>";
		};
		584785741AB13BC5004195EF /* Supporting Files */ = {
			isa = PBXGroup;
			children = (
				584785751AB13BC5004195EF /* Info.plist */,
				584785761AB13BC5004195EF /* main.m */,
			);
			name = "Supporting Files";
			sourceTree = "<group>";
		};
		5847858D1AB13BC5004195EF /* ObjectionDemoTests */ = {
			isa = PBXGroup;
			children = (
				584785901AB13BC5004195EF /* ObjectionDemoTests.m */,
				5847858E1AB13BC5004195EF /* Supporting Files */,
			);
			path = ObjectionDemoTests;
			sourceTree = "<group>";
		};
		5847858E1AB13BC5004195EF /* Supporting Files */ = {
			isa = PBXGroup;
			children = (
				5847858F1AB13BC5004195EF /* Info.plist */,
			);
			name = "Supporting Files";
			sourceTree = "<group>";
		};
		EF45B01811693E459E8CE2BE /* Pods */ = {
			isa = PBXGroup;
			children = (
				EABA9E79224A8AB9C9F252E2 /* Pods.debug.xcconfig */,
				5640482AA57048A8DAE101C7 /* Pods.release.xcconfig */,
			);
			name = Pods;
			sourceTree = "<group>";
		};
/* End PBXGroup section */

/* Begin PBXNativeTarget section */
		584785701AB13BC5004195EF /* ObjectionDemo */ = {
			isa = PBXNativeTarget;
			buildConfigurationList = 584785941AB13BC5004195EF /* Build configuration list for PBXNativeTarget "ObjectionDemo" */;
			buildPhases = (
				83941E51E5CB0D75B54E6E76 /* Check Pods Manifest.lock */,
				5847856D1AB13BC5004195EF /* Sources */,
				5847856E1AB13BC5004195EF /* Frameworks */,
				5847856F1AB13BC5004195EF /* Resources */,
				7ACDFF98C94E64B95EBBF918 /* Copy Pods Resources */,
			);
			buildRules = (
			);
			dependencies = (
			);
			name = ObjectionDemo;
			productName = ObjectionDemo;
			productReference = 584785711AB13BC5004195EF /* ObjectionDemo.app */;
			productType = "com.apple.product-type.application";
		};
		584785891AB13BC5004195EF /* ObjectionDemoTests */ = {
			isa = PBXNativeTarget;
			buildConfigurationList = 584785971AB13BC5004195EF /* Build configuration list for PBXNativeTarget "ObjectionDemoTests" */;
			buildPhases = (
				584785861AB13BC5004195EF /* Sources */,
				584785871AB13BC5004195EF /* Frameworks */,
				584785881AB13BC5004195EF /* Resources */,
			);
			buildRules = (
			);
			dependencies = (
				5847858C1AB13BC5004195EF /* PBXTargetDependency */,
			);
			name = ObjectionDemoTests;
			productName = ObjectionDemoTests;
			productReference = 5847858A1AB13BC5004195EF /* ObjectionDemoTests.xctest */;
			productType = "com.apple.product-type.bundle.unit-test";
		};
/* End PBXNativeTarget section */

/* Begin PBXProject section */
		584785691AB13BC5004195EF /* Project object */ = {
			isa = PBXProject;
			attributes = {
				LastUpgradeCheck = 0610;
				ORGANIZATIONNAME = Ailix;
				TargetAttributes = {
					584785701AB13BC5004195EF = {
						CreatedOnToolsVersion = 6.1.1;
					};
					584785891AB13BC5004195EF = {
						CreatedOnToolsVersion = 6.1.1;
						TestTargetID = 584785701AB13BC5004195EF;
					};
				};
			};
			buildConfigurationList = 5847856C1AB13BC5004195EF /* Build configuration list for PBXProject "ObjectionDemo" */;
			compatibilityVersion = "Xcode 3.2";
			developmentRegion = English;
			hasScannedForEncodings = 0;
			knownRegions = (
				en,
				Base,
			);
			mainGroup = 584785681AB13BC5004195EF;
			productRefGroup = 584785721AB13BC5004195EF /* Products */;
			projectDirPath = "";
			projectRoot = "";
			targets = (
				584785701AB13BC5004195EF /* ObjectionDemo */,
				584785891AB13BC5004195EF /* ObjectionDemoTests */,
			);
		};
/* End PBXProject section */

/* Begin PBXResourcesBuildPhase section */
		5847856F1AB13BC5004195EF /* Resources */ = {
			isa = PBXResourcesBuildPhase;
			buildActionMask = 2147483647;
			files = (
				584785801AB13BC5004195EF /* Main.storyboard in Resources */,
				58F5F4891AB1CFDB005EB65E /* Default-568h@2x.png in Resources */,
				584785851AB13BC5004195EF /* LaunchScreen.xib in Resources */,
				584785821AB13BC5004195EF /* Images.xcassets in Resources */,
			);
			runOnlyForDeploymentPostprocessing = 0;
		};
		584785881AB13BC5004195EF /* Resources */ = {
			isa = PBXResourcesBuildPhase;
			buildActionMask = 2147483647;
			files = (
			);
			runOnlyForDeploymentPostprocessing = 0;
		};
/* End PBXResourcesBuildPhase section */

/* Begin PBXShellScriptBuildPhase section */
		7ACDFF98C94E64B95EBBF918 /* Copy Pods Resources */ = {
			isa = PBXShellScriptBuildPhase;
			buildActionMask = 2147483647;
			files = (
			);
			inputPaths = (
			);
			name = "Copy Pods Resources";
			outputPaths = (
			);
			runOnlyForDeploymentPostprocessing = 0;
			shellPath = /bin/sh;
			shellScript = "\"${SRCROOT}/Pods/Target Support Files/Pods/Pods-resources.sh\"\n";
			showEnvVarsInLog = 0;
		};
		83941E51E5CB0D75B54E6E76 /* Check Pods Manifest.lock */ = {
			isa = PBXShellScriptBuildPhase;
			buildActionMask = 2147483647;
			files = (
			);
			inputPaths = (
			);
			name = "Check Pods Manifest.lock";
			outputPaths = (
			);
			runOnlyForDeploymentPostprocessing = 0;
			shellPath = /bin/sh;
			shellScript = "diff \"${PODS_ROOT}/../Podfile.lock\" \"${PODS_ROOT}/Manifest.lock\" > /dev/null\nif [[ $? != 0 ]] ; then\n    cat << EOM\nerror: The sandbox is not in sync with the Podfile.lock. Run 'pod install' or update your CocoaPods installation.\nEOM\n    exit 1\nfi\n";
			showEnvVarsInLog = 0;
		};
/* End PBXShellScriptBuildPhase section */

/* Begin PBXSourcesBuildPhase section */
		5847856D1AB13BC5004195EF /* Sources */ = {
			isa = PBXSourcesBuildPhase;
			buildActionMask = 2147483647;
			files = (
				58F5F47D1AB1C8AE005EB65E /* A1ViewController.m in Sources */,
				58F5F48C1AB1D24C005EB65E /* A2ViewControllerModule.m in Sources */,
				5847857D1AB13BC5004195EF /* ViewController.m in Sources */,
				58F5F4871AB1C9D8005EB65E /* A1ViewControllerModule.m in Sources */,
				5847857A1AB13BC5004195EF /* AppDelegate.m in Sources */,
				584785771AB13BC5004195EF /* main.m in Sources */,
				58F5F47A1AB1C7B8005EB65E /* TableViewController.m in Sources */,
				58F5F4801AB1C8B6005EB65E /* A2ViewController.m in Sources */,
			);
			runOnlyForDeploymentPostprocessing = 0;
		};
		584785861AB13BC5004195EF /* Sources */ = {
			isa = PBXSourcesBuildPhase;
			buildActionMask = 2147483647;
			files = (
				584785911AB13BC5004195EF /* ObjectionDemoTests.m in Sources */,
			);
			runOnlyForDeploymentPostprocessing = 0;
		};
/* End PBXSourcesBuildPhase section */

/* Begin PBXTargetDependency section */
		5847858C1AB13BC5004195EF /* PBXTargetDependency */ = {
			isa = PBXTargetDependency;
			target = 584785701AB13BC5004195EF /* ObjectionDemo */;
			targetProxy = 5847858B1AB13BC5004195EF /* PBXContainerItemProxy */;
		};
/* End PBXTargetDependency section */

/* Begin PBXVariantGroup section */
		5847857E1AB13BC5004195EF /* Main.storyboard */ = {
			isa = PBXVariantGroup;
			children = (
				5847857F1AB13BC5004195EF /* Base */,
			);
			name = Main.storyboard;
			sourceTree = "<group>";
		};
		584785831AB13BC5004195EF /* LaunchScreen.xib */ = {
			isa = PBXVariantGroup;
			children = (
				584785841AB13BC5004195EF /* Base */,
			);
			name = LaunchScreen.xib;
			sourceTree = "<group>";
		};
/* End PBXVariantGroup section */

/* Begin XCBuildConfiguration section */
		584785921AB13BC5004195EF /* Debug */ = {
			isa = XCBuildConfiguration;
			buildSettings = {
				ALWAYS_SEARCH_USER_PATHS = NO;
				CLANG_CXX_LANGUAGE_STANDARD = "gnu++0x";
				CLANG_CXX_LIBRARY = "libc++";
				CLANG_ENABLE_MODULES = YES;
				CLANG_ENABLE_OBJC_ARC = YES;
				CLANG_WARN_BOOL_CONVERSION = YES;
				CLANG_WARN_CONSTANT_CONVERSION = YES;
				CLANG_WARN_DIRECT_OBJC_ISA_USAGE = YES_ERROR;
				CLANG_WARN_EMPTY_BODY = YES;
				CLANG_WARN_ENUM_CONVERSION = YES;
				CLANG_WARN_INT_CONVERSION = YES;
				CLANG_WARN_OBJC_ROOT_CLASS = YES_ERROR;
				CLANG_WARN_UNREACHABLE_CODE = YES;
				CLANG_WARN__DUPLICATE_METHOD_MATCH = YES;
				"CODE_SIGN_IDENTITY[sdk=iphoneos*]" = "iPhone Developer";
				COPY_PHASE_STRIP = NO;
				ENABLE_STRICT_OBJC_MSGSEND = YES;
				GCC_C_LANGUAGE_STANDARD = gnu99;
				GCC_DYNAMIC_NO_PIC = NO;
				GCC_OPTIMIZATION_LEVEL = 0;
				GCC_PREPROCESSOR_DEFINITIONS = (
					"DEBUG=1",
					"$(inherited)",
				);
				GCC_SYMBOLS_PRIVATE_EXTERN = NO;
				GCC_WARN_64_TO_32_BIT_CONVERSION = YES;
				GCC_WARN_ABOUT_RETURN_TYPE = YES_ERROR;
				GCC_WARN_UNDECLARED_SELECTOR = YES;
				GCC_WARN_UNINITIALIZED_AUTOS = YES_AGGRESSIVE;
				GCC_WARN_UNUSED_FUNCTION = YES;
				GCC_WARN_UNUSED_VARIABLE = YES;
				IPHONEOS_DEPLOYMENT_TARGET = 8.1;
				MTL_ENABLE_DEBUG_INFO = YES;
				ONLY_ACTIVE_ARCH = YES;
				SDKROOT = iphoneos;
			};
			name = Debug;
		};
		584785931AB13BC5004195EF /* Release */ = {
			isa = XCBuildConfiguration;
			buildSettings = {
				ALWAYS_SEARCH_USER_PATHS = NO;
				CLANG_CXX_LANGUAGE_STANDARD = "gnu++0x";
				CLANG_CXX_LIBRARY = "libc++";
				CLANG_ENABLE_MODULES = YES;
				CLANG_ENABLE_OBJC_ARC = YES;
				CLANG_WARN_BOOL_CONVERSION = YES;
				CLANG_WARN_CONSTANT_CONVERSION = YES;
				CLANG_WARN_DIRECT_OBJC_ISA_USAGE = YES_ERROR;
				CLANG_WARN_EMPTY_BODY = YES;
				CLANG_WARN_ENUM_CONVERSION = YES;
				CLANG_WARN_INT_CONVERSION = YES;
				CLANG_WARN_OBJC_ROOT_CLASS = YES_ERROR;
				CLANG_WARN_UNREACHABLE_CODE = YES;
				CLANG_WARN__DUPLICATE_METHOD_MATCH = YES;
				"CODE_SIGN_IDENTITY[sdk=iphoneos*]" = "iPhone Developer";
				COPY_PHASE_STRIP = YES;
				ENABLE_NS_ASSERTIONS = NO;
				ENABLE_STRICT_OBJC_MSGSEND = YES;
				GCC_C_LANGUAGE_STANDARD = gnu99;
				GCC_WARN_64_TO_32_BIT_CONVERSION = YES;
				GCC_WARN_ABOUT_RETURN_TYPE = YES_ERROR;
				GCC_WARN_UNDECLARED_SELECTOR = YES;
				GCC_WARN_UNINITIALIZED_AUTOS = YES_AGGRESSIVE;
				GCC_WARN_UNUSED_FUNCTION = YES;
				GCC_WARN_UNUSED_VARIABLE = YES;
				IPHONEOS_DEPLOYMENT_TARGET = 8.1;
				MTL_ENABLE_DEBUG_INFO = NO;
				SDKROOT = iphoneos;
				VALIDATE_PRODUCT = YES;
			};
			name = Release;
		};
		584785951AB13BC5004195EF /* Debug */ = {
			isa = XCBuildConfiguration;
			baseConfigurationReference = EABA9E79224A8AB9C9F252E2 /* Pods.debug.xcconfig */;
			buildSettings = {
				ASSETCATALOG_COMPILER_APPICON_NAME = AppIcon;
				INFOPLIST_FILE = ObjectionDemo/Info.plist;
				LD_RUNPATH_SEARCH_PATHS = "$(inherited) @executable_path/Frameworks";
				PRODUCT_NAME = "$(TARGET_NAME)";
			};
			name = Debug;
		};
		584785961AB13BC5004195EF /* Release */ = {
			isa = XCBuildConfiguration;
			baseConfigurationReference = 5640482AA57048A8DAE101C7 /* Pods.release.xcconfig */;
			buildSettings = {
				ASSETCATALOG_COMPILER_APPICON_NAME = AppIcon;
				INFOPLIST_FILE = ObjectionDemo/Info.plist;
				LD_RUNPATH_SEARCH_PATHS = "$(inherited) @executable_path/Frameworks";
				PRODUCT_NAME = "$(TARGET_NAME)";
			};
			name = Release;
		};
		584785981AB13BC5004195EF /* Debug */ = {
			isa = XCBuildConfiguration;
			buildSettings = {
				BUNDLE_LOADER = "$(TEST_HOST)";
				FRAMEWORK_SEARCH_PATHS = (
					"$(SDKROOT)/Developer/Library/Frameworks",
					"$(inherited)",
				);
				GCC_PREPROCESSOR_DEFINITIONS = (
					"DEBUG=1",
					"$(inherited)",
				);
				INFOPLIST_FILE = ObjectionDemoTests/Info.plist;
				LD_RUNPATH_SEARCH_PATHS = "$(inherited) @executable_path/Frameworks @loader_path/Frameworks";
				PRODUCT_NAME = "$(TARGET_NAME)";
				TEST_HOST = "$(BUILT_PRODUCTS_DIR)/ObjectionDemo.app/ObjectionDemo";
			};
			name = Debug;
		};
		584785991AB13BC5004195EF /* Release */ = {
			isa = XCBuildConfiguration;
			buildSettings = {
				BUNDLE_LOADER = "$(TEST_HOST)";
				FRAMEWORK_SEARCH_PATHS = (
					"$(SDKROOT)/Developer/Library/Frameworks",
					"$(inherited)",
				);
				INFOPLIST_FILE = ObjectionDemoTests/Info.plist;
				LD_RUNPATH_SEARCH_PATHS = "$(inherited) @executable_path/Frameworks @loader_path/Frameworks";
				PRODUCT_NAME = "$(TARGET_NAME)";
				TEST_HOST = "$(BUILT_PRODUCTS_DIR)/ObjectionDemo.app/ObjectionDemo";
			};
			name = Release;
		};
/* End XCBuildConfiguration section */

/* Begin XCConfigurationList section */
		5847856C1AB13BC5004195EF /* Build configuration list for PBXProject "ObjectionDemo" */ = {
			isa = XCConfigurationList;
			buildConfigurations = (
				584785921AB13BC5004195EF /* Debug */,
				584785931AB13BC5004195EF /* Release */,
			);
			defaultConfigurationIsVisible = 0;
			defaultConfigurationName = Release;
		};
		584785941AB13BC5004195EF /* Build configuration list for PBXNativeTarget "ObjectionDemo" */ = {
			isa = XCConfigurationList;
			buildConfigurations = (
				584785951AB13BC5004195EF /* Debug */,
				584785961AB13BC5004195EF /* Release */,
			);
			defaultConfigurationIsVisible = 0;
			defaultConfigurationName = Release;
		};
		584785971AB13BC5004195EF /* Build configuration list for PBXNativeTarget "ObjectionDemoTests" */ = {
			isa = XCConfigurationList;
			buildConfigurations = (
				584785981AB13BC5004195EF /* Debug */,
				584785991AB13BC5004195EF /* Release */,
			);
			defaultConfigurationIsVisible = 0;
			defaultConfigurationName = Release;
		};
/* End XCConfigurationList section */
	};
	rootObject = 584785691AB13BC5004195EF /* Project object */;
}
